DEPENDENCIES
  application_php
    git: https://github.com/rightscale-cookbooks-contrib/application_php.git
    revision: ca2c927704c8b65bf0055a84e076158af8e41875
    branch: chef-12-migration
  fake
    path: test/cookbooks/fake
  rs-application_php
    git: https://github.com/rightscale-cookbooks/rs-application_php.git
    revision: 4707cc0a2ee1a334c252c0f5beed2c972531bd33
  rs-base
    git: https://github.com/rightscale-cookbooks/rs-base.git
    revision: 14982cc46f025c2fdc2b75937a7bf6347f63ce1e
  rs-haproxy
    path: .
    metadata: true
  rsc_remote_recipe
    git: https://github.com/rightscale-services-cookbooks/rsc_remote_recipe.git
    revision: 1b97227b64c063a8c132133e9e38ab8f5065c670

GRAPH
  apache2 (3.2.2)
  application (4.1.6)
  application_php (2.0.2)
    apache2 (>= 0.0.0)
    application (~> 4.1)
    php (>= 0.0.0)
  apt (6.1.3)
  build-essential (8.0.3)
    mingw (>= 1.1)
    seven_zip (>= 0.0.0)
  chef-sugar (3.4.0)
  collectd (2.2.4)
    poise (~> 2.2)
    poise-service (~> 1.0)
  collectd_plugins (2.1.3)
    collectd (~> 2.0)
  compat_resource (12.19.0)
  cpu (2.0.0)
  curl (2.0.3)
  database (6.1.1)
    postgresql (>= 1.0.0)
  dmg (4.0.0)
  ephemeral_lvm (3.0.1)
    lvm (>= 4.0)
    now (>= 0.0.0)
  fake (0.1.0)
    chef-sugar (>= 0.0.0)
    curl (>= 0.0.0)
    hostsfile (>= 0.0.0)
    rs-application_php (>= 0.0.0)
    rs-haproxy (>= 0.0.0)
    yum-epel (>= 0.0.0)
    yum-mysql-community (>= 0.0.0)
  git (6.1.0)
    build-essential (>= 0.0.0)
    dmg (>= 0.0.0)
    yum-epel (>= 0.0.0)
  haproxy (3.0.4)
    build-essential (>= 0.0.0)
    cpu (>= 0.2.0)
    poise-service (>= 0.0.0)
  hostsfile (3.0.1)
  inifile_chef_gem (0.1.0)
    build-essential (>= 0.0.0)
  limits (1.0.0)
  lvm (4.1.6)
  machine_tag (2.0.4)
    apt (>= 0.0.0)
    build-essential (>= 0.0.0)
    chef-sugar (>= 0.0.0)
  mariadb (1.5.1)
    apt (>= 0.0.0)
    build-essential (>= 0.0.0)
    selinux_policy (~> 2.0)
    yum (>= 0.0.0)
    yum-epel (>= 0.0.0)
    yum-scl (>= 0.0.0)
  marker (2.0.0)
  mingw (2.0.1)
    seven_zip (>= 0.0.0)
  mysql (8.5.1)
  mysql2_chef_gem (2.1.0)
    build-essential (>= 2.4.0)
    mariadb (>= 0.0.0)
    mysql (>= 8.2.0)
  now (1.0.0)
  ntp (3.5.1)
  ohai (5.2.0)
  openssl (7.1.0)
  php (4.5.0)
    build-essential (>= 0.0.0)
    mysql (>= 6.0.0)
    yum-epel (>= 0.0.0)
  poise (2.8.1)
  poise-service (1.5.2)
    poise (~> 2.0)
  postgresql (6.1.1)
    build-essential (>= 2.0.0)
    compat_resource (>= 12.16.3)
    openssl (>= 4.0)
  rightscale_tag (2.0.1)
    machine_tag (~> 2.0)
    marker (~> 2.0)
  rs-application_php (2.0.2)
    apache2 (~> 3.2.2)
    application (>= 0.0.0)
    application_php (~> 2.0.2)
    apt (>= 0.0.0)
    collectd (>= 0.0.0)
    curl (>= 0.0.0)
    database (>= 0.0.0)
    git (>= 0.0.0)
    mysql (>= 0.0.0)
    mysql2_chef_gem (>= 2.0.0)
    php (>= 0.0.0)
    rightscale_tag (>= 0.0.0)
    rs-base (>= 0.0.0)
    rsc_remote_recipe (>= 0.0.0)
    yum-epel (>= 0.0.0)
    yum-ius (>= 0.0.0)
    yum-mysql-community (>= 0.0.0)
  rs-base (2.1.3)
    apt (>= 0.0.0)
    collectd (>= 2.2.0)
    collectd_plugins (>= 2.1.0)
    ephemeral_lvm (>= 3.0.0)
    machine_tag (~> 2.0)
    ntp (>= 0.0.0)
    rightscale_tag (~> 2.0)
    rsyslog (>= 0.0.0)
    selinux_policy (>= 0.0.0)
    swap (>= 2.0.0)
    sysctl (>= 0.0.0)
    yum-epel (>= 0.0.0)
  rs-haproxy (2.1.5)
    collectd (>= 0.0.0)
    haproxy (= 3.0.4)
    limits (>= 0.0.0)
    machine_tag (~> 2.0.4)
    rightscale_tag (>= 0.0.0)
    rs-base (>= 0.0.0)
    rsc_remote_recipe (>= 0.0.0)
    sysctl (>= 0.0.0)
  rsc_remote_recipe (10.2.0)
    build-essential (>= 0.0.0)
  rsyslog (6.0.2)
  selinux_policy (2.0.1)
    compat_resource (>= 12.16.3)
  seven_zip (2.0.2)
    windows (>= 1.2.2)
  swap (2.1.0)
    sysctl (>= 0.0.0)
  sysctl (0.10.1)
    ohai (>= 4.0)
  windows (3.1.2)
    ohai (>= 4.0.0)
  yum (5.0.1)
  yum-epel (2.1.2)
    compat_resource (>= 12.16.3)
  yum-ius (2.2.0)
    compat_resource (>= 12.16.3)
    yum-epel (>= 0.0.0)
  yum-mysql-community (2.1.0)
    compat_resource (>= 12.16.3)
  yum-scl (0.2.0)
    inifile_chef_gem (>= 0.0.0)
    yum (>= 0.0.0)
